
Microsoft Visual Studio Solution File, Format Version 12.00
# Visual Studio Version 16
VisualStudioVersion = 16.0.29209.62
MinimumVisualStudioVersion = 10.0.40219.1
Project("{FAE04EC0-301F-11D3-BF4B-00C04F79EFBC}") = "testConsoleGame", "testConsoleGame\testConsoleGame.csproj", "{BC35A3B8-E56E-420E-95CD-3693732579B6}"
EndProject
Global
	GlobalSection(SolutionConfigurationPlatforms) = preSolution
		Debug|Any CPU = Debug|Any CPU
		Release|Any CPU = Release|Any CPU
	EndGlobalSection
	GlobalSection(ProjectConfigurationPlatforms) = postSolution
		{BC35A3B8-E56E-420E-95CD-3693732579B6}.Debug|Any CPU.ActiveCfg = Debug|Any CPU
		{BC35A3B8-E56E-420E-95CD-3693732579B6}.Debug|Any CPU.Build.0 = Debug|Any CPU
		{BC35A3B8-E56E-420E-95CD-3693732579B6}.Release|Any CPU.ActiveCfg = Release|Any CPU
		{BC35A3B8-E56E-420E-95CD-3693732579B6}.Release|Any CPU.Build.0 = Release|Any CPU
	EndGlobalSection
	GlobalSection(SolutionProperties) = preSolution
		HideSolutionNode = FALSE
	EndGlobalSection
	GlobalSection(ExtensibilityGlobals) = postSolution
		SolutionGuid = {0DBA61CA-DE4C-44B1-BFE7-7BE5F1F5CF70}
	EndGlobalSection
EndGlobal
